
Microsoft Visual Studio Solution File, Format Version 12.00
# Visual Studio Version 17
VisualStudioVersion = 17.6.33829.357
MinimumVisualStudioVersion = 10.0.40219.1
Project("{9A19103F-16F7-4668-BE54-9A1E7A4F7556}") = "TocnoVrijeme", "TocnoVrijeme\TocnoVrijeme.csproj", "{CCDAA09F-65B9-400B-BF04-81BB87FB93F7}"
EndProject
Project("{9A19103F-16F7-4668-BE54-9A1E7A4F7556}") = "Inicijali", "Inicijali\Inicijali.csproj", "{5C33B3BC-341C-483B-ABEA-7D375EAA92E5}"
EndProject
Project("{9A19103F-16F7-4668-BE54-9A1E7A4F7556}") = "Racunanje", "Racunanje\Racunanje.csproj", "{FB0D5133-AD63-4DBC-AAD0-68A8F90D4039}"
EndProject
Project("{9A19103F-16F7-4668-BE54-9A1E7A4F7556}") = "ProsjekOcjena", "ProsjekOcjena\ProsjekOcjena.csproj", "{6D98FF2B-8403-4834-AFB7-6F1CC6D48ECC}"
EndProject
Project("{9A19103F-16F7-4668-BE54-9A1E7A4F7556}") = "ProsjekOcjena_TryParse", "ProsjekOcjena_TryParse\ProsjekOcjena_TryParse.csproj", "{BBC3F335-34F4-4D09-9800-BD30C1C51CD6}"
EndProject
Project("{9A19103F-16F7-4668-BE54-9A1E7A4F7556}") = "DatumiRodenja", "DatumiRodenja\DatumiRodenja.csproj", "{A14E8F78-C6C4-4978-A9DF-260AEE44B0CE}"
EndProject
Project("{9A19103F-16F7-4668-BE54-9A1E7A4F7556}") = "DaniMjeseca", "DaniMjeseca\DaniMjeseca.csproj", "{E648B6A5-75CB-4442-BA30-8170C9C1DD5E}"
EndProject
Project("{9A19103F-16F7-4668-BE54-9A1E7A4F7556}") = "Djelitelji", "Djelitelji\Djelitelji.csproj", "{2A91BF11-FF10-4AED-8F33-91189C276723}"
EndProject
Project("{9A19103F-16F7-4668-BE54-9A1E7A4F7556}") = "Djelitelji_DoPetlja", "Djelitelji_DoPetlja\Djelitelji_DoPetlja.csproj", "{2A147D45-F5C1-437C-96CA-872B357732E0}"
EndProject
Project("{9A19103F-16F7-4668-BE54-9A1E7A4F7556}") = "IzracunKamata", "IzracunKamata\IzracunKamata.csproj", "{03412EF9-8A3D-4491-A849-787A340DFF69}"
EndProject
Project("{9A19103F-16F7-4668-BE54-9A1E7A4F7556}") = "IzracunKamata_ProvjeraParametara", "IzracunKamata_ProvjeraParametara\IzracunKamata_ProvjeraParametara.csproj", "{34CA1793-F9A5-471F-A29F-F14448566DCC}"
EndProject
Project("{9A19103F-16F7-4668-BE54-9A1E7A4F7556}") = "OtplataKredita", "OtplataKredita\OtplataKredita.csproj", "{AF14164E-A638-4D59-8EB8-CDFEDA1FD2FE}"
EndProject
Project("{9A19103F-16F7-4668-BE54-9A1E7A4F7556}") = "Brojevi", "Brojevi\Brojevi.csproj", "{1E0578C0-56E0-4220-9ABE-FEF10B36FB87}"
EndProject
Project("{FAE04EC0-301F-11D3-BF4B-00C04F79EFBC}") = "Lista", "Lista\Lista.csproj", "{19587175-36DF-4621-B810-54338DDBC017}"
EndProject
Project("{FAE04EC0-301F-11D3-BF4B-00C04F79EFBC}") = "Igre_Klase", "Igre_Klase\Igre_Klase.csproj", "{DAC24E6D-8F2C-4124-9535-AAF3A67DF4D5}"
EndProject
Project("{FAE04EC0-301F-11D3-BF4B-00C04F79EFBC}") = "ListeObjekata", "ListeObjekata\ListeObjekata.csproj", "{13F9A73C-C895-4111-A4C7-70E661E6370C}"
EndProject
Global
	GlobalSection(SolutionConfigurationPlatforms) = preSolution
		Debug|Any CPU = Debug|Any CPU
		Release|Any CPU = Release|Any CPU
	EndGlobalSection
	GlobalSection(ProjectConfigurationPlatforms) = postSolution
		{CCDAA09F-65B9-400B-BF04-81BB87FB93F7}.Debug|Any CPU.ActiveCfg = Debug|Any CPU
		{CCDAA09F-65B9-400B-BF04-81BB87FB93F7}.Debug|Any CPU.Build.0 = Debug|Any CPU
		{CCDAA09F-65B9-400B-BF04-81BB87FB93F7}.Release|Any CPU.ActiveCfg = Release|Any CPU
		{CCDAA09F-65B9-400B-BF04-81BB87FB93F7}.Release|Any CPU.Build.0 = Release|Any CPU
		{5C33B3BC-341C-483B-ABEA-7D375EAA92E5}.Debug|Any CPU.ActiveCfg = Debug|Any CPU
		{5C33B3BC-341C-483B-ABEA-7D375EAA92E5}.Debug|Any CPU.Build.0 = Debug|Any CPU
		{5C33B3BC-341C-483B-ABEA-7D375EAA92E5}.Release|Any CPU.ActiveCfg = Release|Any CPU
		{5C33B3BC-341C-483B-ABEA-7D375EAA92E5}.Release|Any CPU.Build.0 = Release|Any CPU
		{FB0D5133-AD63-4DBC-AAD0-68A8F90D4039}.Debug|Any CPU.ActiveCfg = Debug|Any CPU
		{FB0D5133-AD63-4DBC-AAD0-68A8F90D4039}.Debug|Any CPU.Build.0 = Debug|Any CPU
		{FB0D5133-AD63-4DBC-AAD0-68A8F90D4039}.Release|Any CPU.ActiveCfg = Release|Any CPU
		{FB0D5133-AD63-4DBC-AAD0-68A8F90D4039}.Release|Any CPU.Build.0 = Release|Any CPU
		{6D98FF2B-8403-4834-AFB7-6F1CC6D48ECC}.Debug|Any CPU.ActiveCfg = Debug|Any CPU
		{6D98FF2B-8403-4834-AFB7-6F1CC6D48ECC}.Debug|Any CPU.Build.0 = Debug|Any CPU
		{6D98FF2B-8403-4834-AFB7-6F1CC6D48ECC}.Release|Any CPU.ActiveCfg = Release|Any CPU
		{6D98FF2B-8403-4834-AFB7-6F1CC6D48ECC}.Release|Any CPU.Build.0 = Release|Any CPU
		{BBC3F335-34F4-4D09-9800-BD30C1C51CD6}.Debug|Any CPU.ActiveCfg = Debug|Any CPU
		{BBC3F335-34F4-4D09-9800-BD30C1C51CD6}.Debug|Any CPU.Build.0 = Debug|Any CPU
		{BBC3F335-34F4-4D09-9800-BD30C1C51CD6}.Release|Any CPU.ActiveCfg = Release|Any CPU
		{BBC3F335-34F4-4D09-9800-BD30C1C51CD6}.Release|Any CPU.Build.0 = Release|Any CPU
		{A14E8F78-C6C4-4978-A9DF-260AEE44B0CE}.Debug|Any CPU.ActiveCfg = Debug|Any CPU
		{A14E8F78-C6C4-4978-A9DF-260AEE44B0CE}.Debug|Any CPU.Build.0 = Debug|Any CPU
		{A14E8F78-C6C4-4978-A9DF-260AEE44B0CE}.Release|Any CPU.ActiveCfg = Release|Any CPU
		{A14E8F78-C6C4-4978-A9DF-260AEE44B0CE}.Release|Any CPU.Build.0 = Release|Any CPU
		{E648B6A5-75CB-4442-BA30-8170C9C1DD5E}.Debug|Any CPU.ActiveCfg = Debug|Any CPU
		{E648B6A5-75CB-4442-BA30-8170C9C1DD5E}.Debug|Any CPU.Build.0 = Debug|Any CPU
		{E648B6A5-75CB-4442-BA30-8170C9C1DD5E}.Release|Any CPU.ActiveCfg = Release|Any CPU
		{E648B6A5-75CB-4442-BA30-8170C9C1DD5E}.Release|Any CPU.Build.0 = Release|Any CPU
		{2A91BF11-FF10-4AED-8F33-91189C276723}.Debug|Any CPU.ActiveCfg = Debug|Any CPU
		{2A91BF11-FF10-4AED-8F33-91189C276723}.Debug|Any CPU.Build.0 = Debug|Any CPU
		{2A91BF11-FF10-4AED-8F33-91189C276723}.Release|Any CPU.ActiveCfg = Release|Any CPU
		{2A91BF11-FF10-4AED-8F33-91189C276723}.Release|Any CPU.Build.0 = Release|Any CPU
		{2A147D45-F5C1-437C-96CA-872B357732E0}.Debug|Any CPU.ActiveCfg = Debug|Any CPU
		{2A147D45-F5C1-437C-96CA-872B357732E0}.Debug|Any CPU.Build.0 = Debug|Any CPU
		{2A147D45-F5C1-437C-96CA-872B357732E0}.Release|Any CPU.ActiveCfg = Release|Any CPU
		{2A147D45-F5C1-437C-96CA-872B357732E0}.Release|Any CPU.Build.0 = Release|Any CPU
		{03412EF9-8A3D-4491-A849-787A340DFF69}.Debug|Any CPU.ActiveCfg = Debug|Any CPU
		{03412EF9-8A3D-4491-A849-787A340DFF69}.Debug|Any CPU.Build.0 = Debug|Any CPU
		{03412EF9-8A3D-4491-A849-787A340DFF69}.Release|Any CPU.ActiveCfg = Release|Any CPU
		{03412EF9-8A3D-4491-A849-787A340DFF69}.Release|Any CPU.Build.0 = Release|Any CPU
		{34CA1793-F9A5-471F-A29F-F14448566DCC}.Debug|Any CPU.ActiveCfg = Debug|Any CPU
		{34CA1793-F9A5-471F-A29F-F14448566DCC}.Debug|Any CPU.Build.0 = Debug|Any CPU
		{34CA1793-F9A5-471F-A29F-F14448566DCC}.Release|Any CPU.ActiveCfg = Release|Any CPU
		{34CA1793-F9A5-471F-A29F-F14448566DCC}.Release|Any CPU.Build.0 = Release|Any CPU
		{AF14164E-A638-4D59-8EB8-CDFEDA1FD2FE}.Debug|Any CPU.ActiveCfg = Debug|Any CPU
		{AF14164E-A638-4D59-8EB8-CDFEDA1FD2FE}.Debug|Any CPU.Build.0 = Debug|Any CPU
		{AF14164E-A638-4D59-8EB8-CDFEDA1FD2FE}.Release|Any CPU.ActiveCfg = Release|Any CPU
		{AF14164E-A638-4D59-8EB8-CDFEDA1FD2FE}.Release|Any CPU.Build.0 = Release|Any CPU
		{1E0578C0-56E0-4220-9ABE-FEF10B36FB87}.Debug|Any CPU.ActiveCfg = Debug|Any CPU
		{1E0578C0-56E0-4220-9ABE-FEF10B36FB87}.Debug|Any CPU.Build.0 = Debug|Any CPU
		{1E0578C0-56E0-4220-9ABE-FEF10B36FB87}.Release|Any CPU.ActiveCfg = Release|Any CPU
		{1E0578C0-56E0-4220-9ABE-FEF10B36FB87}.Release|Any CPU.Build.0 = Release|Any CPU
		{19587175-36DF-4621-B810-54338DDBC017}.Debug|Any CPU.ActiveCfg = Debug|Any CPU
		{19587175-36DF-4621-B810-54338DDBC017}.Debug|Any CPU.Build.0 = Debug|Any CPU
		{19587175-36DF-4621-B810-54338DDBC017}.Release|Any CPU.ActiveCfg = Release|Any CPU
		{19587175-36DF-4621-B810-54338DDBC017}.Release|Any CPU.Build.0 = Release|Any CPU
		{DAC24E6D-8F2C-4124-9535-AAF3A67DF4D5}.Debug|Any CPU.ActiveCfg = Debug|Any CPU
		{DAC24E6D-8F2C-4124-9535-AAF3A67DF4D5}.Debug|Any CPU.Build.0 = Debug|Any CPU
		{DAC24E6D-8F2C-4124-9535-AAF3A67DF4D5}.Release|Any CPU.ActiveCfg = Release|Any CPU
		{DAC24E6D-8F2C-4124-9535-AAF3A67DF4D5}.Release|Any CPU.Build.0 = Release|Any CPU
		{13F9A73C-C895-4111-A4C7-70E661E6370C}.Debug|Any CPU.ActiveCfg = Debug|Any CPU
		{13F9A73C-C895-4111-A4C7-70E661E6370C}.Debug|Any CPU.Build.0 = Debug|Any CPU
		{13F9A73C-C895-4111-A4C7-70E661E6370C}.Release|Any CPU.ActiveCfg = Release|Any CPU
		{13F9A73C-C895-4111-A4C7-70E661E6370C}.Release|Any CPU.Build.0 = Release|Any CPU
	EndGlobalSection
	GlobalSection(SolutionProperties) = preSolution
		HideSolutionNode = FALSE
	EndGlobalSection
	GlobalSection(ExtensibilityGlobals) = postSolution
		SolutionGuid = {B88EB9E4-4B30-4B6C-95C6-CECEF2420971}
	EndGlobalSection
EndGlobal
